// !$*UTF8*$!
{
	archiveVersion = 1;
	classes = {
	};
	objectVersion = 56;
	objects = {

/* Begin PBXBuildFile section */
		A0788F002B67431D00188FDF /* Keychain.swift in Sources */ = {isa = PBXBuildFile; fileRef = A0788EFF2B67431D00188FDF /* Keychain.swift */; };
		A0A91CA72B66EEC3002CA18F /* AppView.swift in Sources */ = {isa = PBXBuildFile; fileRef = A0A91CA62B66EEC3002CA18F /* AppView.swift */; };
		A0A91CA92B66EEC3002CA18F /* ContentView.swift in Sources */ = {isa = PBXBuildFile; fileRef = A0A91CA82B66EEC3002CA18F /* ContentView.swift */; };
		A0A91CAB2B66EEC7002CA18F /* Assets.xcassets in Resources */ = {isa = PBXBuildFile; fileRef = A0A91CAA2B66EEC7002CA18F /* Assets.xcassets */; };
		A0A91CB92B66EEC7002CA18F /* BrainMacAppTests.swift in Sources */ = {isa = PBXBuildFile; fileRef = A0A91CB82B66EEC7002CA18F /* BrainMacAppTests.swift */; };
		A0A91CC32B66EEC7002CA18F /* BrainMacAppUITests.swift in Sources */ = {isa = PBXBuildFile; fileRef = A0A91CC22B66EEC7002CA18F /* BrainMacAppUITests.swift */; };
		A0A91CC52B66EEC7002CA18F /* BrainMacAppUITestsLaunchTests.swift in Sources */ = {isa = PBXBuildFile; fileRef = A0A91CC42B66EEC7002CA18F /* BrainMacAppUITestsLaunchTests.swift */; };
		A0A91CD22B66F311002CA18F /* WelcomeView.swift in Sources */ = {isa = PBXBuildFile; fileRef = A0A91CD12B66F311002CA18F /* WelcomeView.swift */; };
		A0A91CD42B66F338002CA18F /* RunningView.swift in Sources */ = {isa = PBXBuildFile; fileRef = A0A91CD32B66F338002CA18F /* RunningView.swift */; };
		A0A91CD62B66FF39002CA18F /* ChatView.swift in Sources */ = {isa = PBXBuildFile; fileRef = A0A91CD52B66FF39002CA18F /* ChatView.swift */; };
		A0A91CD82B66FF7F002CA18F /* MemoriesView.swift in Sources */ = {isa = PBXBuildFile; fileRef = A0A91CD72B66FF7F002CA18F /* MemoriesView.swift */; };
		A0A91CDC2B67015A002CA18F /* ChatViewModel.swift in Sources */ = {isa = PBXBuildFile; fileRef = A0A91CDB2B67015A002CA18F /* ChatViewModel.swift */; };
		A0A91CDE2B670182002CA18F /* ChatModel.swift in Sources */ = {isa = PBXBuildFile; fileRef = A0A91CDD2B670182002CA18F /* ChatModel.swift */; };
		A0A91CEA2B673A43002CA18F /* ApplicationState.swift in Sources */ = {isa = PBXBuildFile; fileRef = A0A91CE92B673A43002CA18F /* ApplicationState.swift */; };
		A0E18AD72B67445B009B77DF /* Log.swift in Sources */ = {isa = PBXBuildFile; fileRef = A0E18AD62B67445B009B77DF /* Log.swift */; };
		A0E5016F2B68939200EF01E3 /* WebsocketClient.swift in Sources */ = {isa = PBXBuildFile; fileRef = A0E5016E2B68939200EF01E3 /* WebsocketClient.swift */; };
/* End PBXBuildFile section */

/* Begin PBXContainerItemProxy section */
		A0A91CB52B66EEC7002CA18F /* PBXContainerItemProxy */ = {
			isa = PBXContainerItemProxy;
			containerPortal = A0A91C9B2B66EEC3002CA18F /* Project object */;
			proxyType = 1;
			remoteGlobalIDString = A0A91CA22B66EEC3002CA18F;
			remoteInfo = BrainMacApp;
		};
		A0A91CBF2B66EEC7002CA18F /* PBXContainerItemProxy */ = {
			isa = PBXContainerItemProxy;
			containerPortal = A0A91C9B2B66EEC3002CA18F /* Project object */;
			proxyType = 1;
			remoteGlobalIDString = A0A91CA22B66EEC3002CA18F;
			remoteInfo = BrainMacApp;
		};
/* End PBXContainerItemProxy section */

/* Begin PBXFileReference section */
		A0788EFF2B67431D00188FDF /* Keychain.swift */ = {isa = PBXFileReference; lastKnownFileType = sourcecode.swift; path = Keychain.swift; sourceTree = "<group>"; };
		A0A91CA32B66EEC3002CA18F /* BrainMacApp.app */ = {isa = PBXFileReference; explicitFileType = wrapper.application; includeInIndex = 0; path = BrainMacApp.app; sourceTree = BUILT_PRODUCTS_DIR; };
		A0A91CA62B66EEC3002CA18F /* AppView.swift */ = {isa = PBXFileReference; lastKnownFileType = sourcecode.swift; path = AppView.swift; sourceTree = "<group>"; };
		A0A91CA82B66EEC3002CA18F /* ContentView.swift */ = {isa = PBXFileReference; lastKnownFileType = sourcecode.swift; path = ContentView.swift; sourceTree = "<group>"; };
		A0A91CAA2B66EEC7002CA18F /* Assets.xcassets */ = {isa = PBXFileReference; lastKnownFileType = folder.assetcatalog; path = Assets.xcassets; sourceTree = "<group>"; };
		A0A91CAF2B66EEC7002CA18F /* BrainMacApp.entitlements */ = {isa = PBXFileReference; lastKnownFileType = text.plist.entitlements; path = BrainMacApp.entitlements; sourceTree = "<group>"; };
		A0A91CB42B66EEC7002CA18F /* BrainMacAppTests.xctest */ = {isa = PBXFileReference; explicitFileType = wrapper.cfbundle; includeInIndex = 0; path = BrainMacAppTests.xctest; sourceTree = BUILT_PRODUCTS_DIR; };
		A0A91CB82B66EEC7002CA18F /* BrainMacAppTests.swift */ = {isa = PBXFileReference; lastKnownFileType = sourcecode.swift; path = BrainMacAppTests.swift; sourceTree = "<group>"; };
		A0A91CBE2B66EEC7002CA18F /* BrainMacAppUITests.xctest */ = {isa = PBXFileReference; explicitFileType = wrapper.cfbundle; includeInIndex = 0; path = BrainMacAppUITests.xctest; sourceTree = BUILT_PRODUCTS_DIR; };
		A0A91CC22B66EEC7002CA18F /* BrainMacAppUITests.swift */ = {isa = PBXFileReference; lastKnownFileType = sourcecode.swift; path = BrainMacAppUITests.swift; sourceTree = "<group>"; };
		A0A91CC42B66EEC7002CA18F /* BrainMacAppUITestsLaunchTests.swift */ = {isa = PBXFileReference; lastKnownFileType = sourcecode.swift; path = BrainMacAppUITestsLaunchTests.swift; sourceTree = "<group>"; };
		A0A91CD12B66F311002CA18F /* WelcomeView.swift */ = {isa = PBXFileReference; lastKnownFileType = sourcecode.swift; path = WelcomeView.swift; sourceTree = "<group>"; };
		A0A91CD32B66F338002CA18F /* RunningView.swift */ = {isa = PBXFileReference; lastKnownFileType = sourcecode.swift; path = RunningView.swift; sourceTree = "<group>"; };
		A0A91CD52B66FF39002CA18F /* ChatView.swift */ = {isa = PBXFileReference; lastKnownFileType = sourcecode.swift; path = ChatView.swift; sourceTree = "<group>"; };
		A0A91CD72B66FF7F002CA18F /* MemoriesView.swift */ = {isa = PBXFileReference; lastKnownFileType = sourcecode.swift; path = MemoriesView.swift; sourceTree = "<group>"; };
		A0A91CDB2B67015A002CA18F /* ChatViewModel.swift */ = {isa = PBXFileReference; lastKnownFileType = sourcecode.swift; path = ChatViewModel.swift; sourceTree = "<group>"; };
		A0A91CDD2B670182002CA18F /* ChatModel.swift */ = {isa = PBXFileReference; lastKnownFileType = sourcecode.swift; path = ChatModel.swift; sourceTree = "<group>"; };
		A0A91CE92B673A43002CA18F /* ApplicationState.swift */ = {isa = PBXFileReference; lastKnownFileType = sourcecode.swift; path = ApplicationState.swift; sourceTree = "<group>"; };
		A0E18AD62B67445B009B77DF /* Log.swift */ = {isa = PBXFileReference; lastKnownFileType = sourcecode.swift; path = Log.swift; sourceTree = "<group>"; };
		A0E5016E2B68939200EF01E3 /* WebsocketClient.swift */ = {isa = PBXFileReference; lastKnownFileType = sourcecode.swift; path = WebsocketClient.swift; sourceTree = "<group>"; };
/* End PBXFileReference section */

/* Begin PBXFrameworksBuildPhase section */
		A0A91CA02B66EEC3002CA18F /* Frameworks */ = {
			isa = PBXFrameworksBuildPhase;
			buildActionMask = 2147483647;
			files = (
			);
			runOnlyForDeploymentPostprocessing = 0;
		};
		A0A91CB12B66EEC7002CA18F /* Frameworks */ = {
			isa = PBXFrameworksBuildPhase;
			buildActionMask = 2147483647;
			files = (
			);
			runOnlyForDeploymentPostprocessing = 0;
		};
		A0A91CBB2B66EEC7002CA18F /* Frameworks */ = {
			isa = PBXFrameworksBuildPhase;
			buildActionMask = 2147483647;
			files = (
			);
			runOnlyForDeploymentPostprocessing = 0;
		};
/* End PBXFrameworksBuildPhase section */

/* Begin PBXGroup section */
		A0788EFE2B67430D00188FDF /* Data */ = {
			isa = PBXGroup;
			children = (
				A0788EFF2B67431D00188FDF /* Keychain.swift */,
				A0E18AD62B67445B009B77DF /* Log.swift */,
				A0E5016E2B68939200EF01E3 /* WebsocketClient.swift */,
			);
			path = Data;
			sourceTree = "<group>";
		};
		A0A91C9A2B66EEC3002CA18F = {
			isa = PBXGroup;
			children = (
				A0A91CA52B66EEC3002CA18F /* BrainMacApp */,
				A0A91CB72B66EEC7002CA18F /* BrainMacAppTests */,
				A0A91CC12B66EEC7002CA18F /* BrainMacAppUITests */,
				A0A91CA42B66EEC3002CA18F /* Products */,
			);
			sourceTree = "<group>";
		};
		A0A91CA42B66EEC3002CA18F /* Products */ = {
			isa = PBXGroup;
			children = (
				A0A91CA32B66EEC3002CA18F /* BrainMacApp.app */,
				A0A91CB42B66EEC7002CA18F /* BrainMacAppTests.xctest */,
				A0A91CBE2B66EEC7002CA18F /* BrainMacAppUITests.xctest */,
			);
			name = Products;
			sourceTree = "<group>";
		};
		A0A91CA52B66EEC3002CA18F /* BrainMacApp */ = {
			isa = PBXGroup;
			children = (
				A0A91CE82B673A31002CA18F /* Launch */,
				A0A91CDA2B670147002CA18F /* Memories */,
				A0A91CD92B67013D002CA18F /* Chat */,
				A0788EFE2B67430D00188FDF /* Data */,
				A0A91CAA2B66EEC7002CA18F /* Assets.xcassets */,
				A0A91CAF2B66EEC7002CA18F /* BrainMacApp.entitlements */,
			);
			path = BrainMacApp;
			sourceTree = "<group>";
		};
		A0A91CB72B66EEC7002CA18F /* BrainMacAppTests */ = {
			isa = PBXGroup;
			children = (
				A0A91CB82B66EEC7002CA18F /* BrainMacAppTests.swift */,
			);
			path = BrainMacAppTests;
			sourceTree = "<group>";
		};
		A0A91CC12B66EEC7002CA18F /* BrainMacAppUITests */ = {
			isa = PBXGroup;
			children = (
				A0A91CC22B66EEC7002CA18F /* BrainMacAppUITests.swift */,
				A0A91CC42B66EEC7002CA18F /* BrainMacAppUITestsLaunchTests.swift */,
			);
			path = BrainMacAppUITests;
			sourceTree = "<group>";
		};
		A0A91CD92B67013D002CA18F /* Chat */ = {
			isa = PBXGroup;
			children = (
				A0A91CD52B66FF39002CA18F /* ChatView.swift */,
				A0A91CDB2B67015A002CA18F /* ChatViewModel.swift */,
				A0A91CDD2B670182002CA18F /* ChatModel.swift */,
			);
			path = Chat;
			sourceTree = "<group>";
		};
		A0A91CDA2B670147002CA18F /* Memories */ = {
			isa = PBXGroup;
			children = (
				A0A91CD72B66FF7F002CA18F /* MemoriesView.swift */,
			);
			path = Memories;
			sourceTree = "<group>";
		};
		A0A91CE82B673A31002CA18F /* Launch */ = {
			isa = PBXGroup;
			children = (
				A0A91CE92B673A43002CA18F /* ApplicationState.swift */,
				A0A91CA62B66EEC3002CA18F /* AppView.swift */,
				A0A91CA82B66EEC3002CA18F /* ContentView.swift */,
				A0A91CD12B66F311002CA18F /* WelcomeView.swift */,
				A0A91CD32B66F338002CA18F /* RunningView.swift */,
			);
			path = Launch;
			sourceTree = "<group>";
		};
/* End PBXGroup section */

/* Begin PBXNativeTarget section */
		A0A91CA22B66EEC3002CA18F /* BrainMacApp */ = {
			isa = PBXNativeTarget;
			buildConfigurationList = A0A91CC82B66EEC7002CA18F /* Build configuration list for PBXNativeTarget "BrainMacApp" */;
			buildPhases = (
				A0A91C9F2B66EEC3002CA18F /* Sources */,
				A0A91CA02B66EEC3002CA18F /* Frameworks */,
				A0A91CA12B66EEC3002CA18F /* Resources */,
			);
			buildRules = (
			);
			dependencies = (
			);
			name = BrainMacApp;
			packageProductDependencies = (
			);
			productName = BrainMacApp;
			productReference = A0A91CA32B66EEC3002CA18F /* BrainMacApp.app */;
			productType = "com.apple.product-type.application";
		};
		A0A91CB32B66EEC7002CA18F /* BrainMacAppTests */ = {
			isa = PBXNativeTarget;
			buildConfigurationList = A0A91CCB2B66EEC7002CA18F /* Build configuration list for PBXNativeTarget "BrainMacAppTests" */;
			buildPhases = (
				A0A91CB02B66EEC7002CA18F /* Sources */,
				A0A91CB12B66EEC7002CA18F /* Frameworks */,
				A0A91CB22B66EEC7002CA18F /* Resources */,
			);
			buildRules = (
			);
			dependencies = (
				A0A91CB62B66EEC7002CA18F /* PBXTargetDependency */,
			);
			name = BrainMacAppTests;
			productName = BrainMacAppTests;
			productReference = A0A91CB42B66EEC7002CA18F /* BrainMacAppTests.xctest */;
			productType = "com.apple.product-type.bundle.unit-test";
		};
		A0A91CBD2B66EEC7002CA18F /* BrainMacAppUITests */ = {
			isa = PBXNativeTarget;
			buildConfigurationList = A0A91CCE2B66EEC7002CA18F /* Build configuration list for PBXNativeTarget "BrainMacAppUITests" */;
			buildPhases = (
				A0A91CBA2B66EEC7002CA18F /* Sources */,
				A0A91CBB2B66EEC7002CA18F /* Frameworks */,
				A0A91CBC2B66EEC7002CA18F /* Resources */,
			);
			buildRules = (
			);
			dependencies = (
				A0A91CC02B66EEC7002CA18F /* PBXTargetDependency */,
			);
			name = BrainMacAppUITests;
			productName = BrainMacAppUITests;
			productReference = A0A91CBE2B66EEC7002CA18F /* BrainMacAppUITests.xctest */;
			productType = "com.apple.product-type.bundle.ui-testing";
		};
/* End PBXNativeTarget section */

/* Begin PBXProject section */
		A0A91C9B2B66EEC3002CA18F /* Project object */ = {
			isa = PBXProject;
			attributes = {
				BuildIndependentTargetsInParallel = 1;
				LastSwiftUpdateCheck = 1520;
				LastUpgradeCheck = 1520;
				TargetAttributes = {
					A0A91CA22B66EEC3002CA18F = {
						CreatedOnToolsVersion = 15.2;
					};
					A0A91CB32B66EEC7002CA18F = {
						CreatedOnToolsVersion = 15.2;
						TestTargetID = A0A91CA22B66EEC3002CA18F;
					};
					A0A91CBD2B66EEC7002CA18F = {
						CreatedOnToolsVersion = 15.2;
						TestTargetID = A0A91CA22B66EEC3002CA18F;
					};
				};
			};
			buildConfigurationList = A0A91C9E2B66EEC3002CA18F /* Build configuration list for PBXProject "BrainMacApp" */;
			compatibilityVersion = "Xcode 14.0";
			developmentRegion = en;
			hasScannedForEncodings = 0;
			knownRegions = (
				en,
				Base,
			);
			mainGroup = A0A91C9A2B66EEC3002CA18F;
			packageReferences = (
			);
			productRefGroup = A0A91CA42B66EEC3002CA18F /* Products */;
			projectDirPath = "";
			projectRoot = "";
			targets = (
				A0A91CA22B66EEC3002CA18F /* BrainMacApp */,
				A0A91CB32B66EEC7002CA18F /* BrainMacAppTests */,
				A0A91CBD2B66EEC7002CA18F /* BrainMacAppUITests */,
			);
		};
/* End PBXProject section */

/* Begin PBXResourcesBuildPhase section */
		A0A91CA12B66EEC3002CA18F /* Resources */ = {
			isa = PBXResourcesBuildPhase;
			buildActionMask = 2147483647;
			files = (
				A0A91CAB2B66EEC7002CA18F /* Assets.xcassets in Resources */,
			);
			runOnlyForDeploymentPostprocessing = 0;
		};
		A0A91CB22B66EEC7002CA18F /* Resources */ = {
			isa = PBXResourcesBuildPhase;
			buildActionMask = 2147483647;
			files = (
			);
			runOnlyForDeploymentPostprocessing = 0;
		};
		A0A91CBC2B66EEC7002CA18F /* Resources */ = {
			isa = PBXResourcesBuildPhase;
			buildActionMask = 2147483647;
			files = (
			);
			runOnlyForDeploymentPostprocessing = 0;
		};
/* End PBXResourcesBuildPhase section */

/* Begin PBXSourcesBuildPhase section */
		A0A91C9F2B66EEC3002CA18F /* Sources */ = {
			isa = PBXSourcesBuildPhase;
			buildActionMask = 2147483647;
			files = (
				A0A91CD42B66F338002CA18F /* RunningView.swift in Sources */,
				A0A91CDC2B67015A002CA18F /* ChatViewModel.swift in Sources */,
				A0E5016F2B68939200EF01E3 /* WebsocketClient.swift in Sources */,
				A0E18AD72B67445B009B77DF /* Log.swift in Sources */,
				A0A91CA92B66EEC3002CA18F /* ContentView.swift in Sources */,
				A0A91CEA2B673A43002CA18F /* ApplicationState.swift in Sources */,
				A0A91CDE2B670182002CA18F /* ChatModel.swift in Sources */,
				A0A91CD62B66FF39002CA18F /* ChatView.swift in Sources */,
				A0A91CD22B66F311002CA18F /* WelcomeView.swift in Sources */,
				A0A91CA72B66EEC3002CA18F /* AppView.swift in Sources */,
				A0A91CD82B66FF7F002CA18F /* MemoriesView.swift in Sources */,
				A0788F002B67431D00188FDF /* Keychain.swift in Sources */,
			);
			runOnlyForDeploymentPostprocessing = 0;
		};
		A0A91CB02B66EEC7002CA18F /* Sources */ = {
			isa = PBXSourcesBuildPhase;
			buildActionMask = 2147483647;
			files = (
				A0A91CB92B66EEC7002CA18F /* BrainMacAppTests.swift in Sources */,
			);
			runOnlyForDeploymentPostprocessing = 0;
		};
		A0A91CBA2B66EEC7002CA18F /* Sources */ = {
			isa = PBXSourcesBuildPhase;
			buildActionMask = 2147483647;
			files = (
				A0A91CC32B66EEC7002CA18F /* BrainMacAppUITests.swift in Sources */,
				A0A91CC52B66EEC7002CA18F /* BrainMacAppUITestsLaunchTests.swift in Sources */,
			);
			runOnlyForDeploymentPostprocessing = 0;
		};
/* End PBXSourcesBuildPhase section */

/* Begin PBXTargetDependency section */
		A0A91CB62B66EEC7002CA18F /* PBXTargetDependency */ = {
			isa = PBXTargetDependency;
			target = A0A91CA22B66EEC3002CA18F /* BrainMacApp */;
			targetProxy = A0A91CB52B66EEC7002CA18F /* PBXContainerItemProxy */;
		};
		A0A91CC02B66EEC7002CA18F /* PBXTargetDependency */ = {
			isa = PBXTargetDependency;
			target = A0A91CA22B66EEC3002CA18F /* BrainMacApp */;
			targetProxy = A0A91CBF2B66EEC7002CA18F /* PBXContainerItemProxy */;
		};
/* End PBXTargetDependency section */

/* Begin XCBuildConfiguration section */
		A0A91CC62B66EEC7002CA18F /* Debug */ = {
			isa = XCBuildConfiguration;
			buildSettings = {
				ALWAYS_SEARCH_USER_PATHS = NO;
				ASSETCATALOG_COMPILER_GENERATE_SWIFT_ASSET_SYMBOL_EXTENSIONS = YES;
				CLANG_ANALYZER_NONNULL = YES;
				CLANG_ANALYZER_NUMBER_OBJECT_CONVERSION = YES_AGGRESSIVE;
				CLANG_CXX_LANGUAGE_STANDARD = "gnu++20";
				CLANG_ENABLE_MODULES = YES;
				CLANG_ENABLE_OBJC_ARC = YES;
				CLANG_ENABLE_OBJC_WEAK = YES;
				CLANG_WARN_BLOCK_CAPTURE_AUTORELEASING = YES;
				CLANG_WARN_BOOL_CONVERSION = YES;
				CLANG_WARN_COMMA = YES;
				CLANG_WARN_CONSTANT_CONVERSION = YES;
				CLANG_WARN_DEPRECATED_OBJC_IMPLEMENTATIONS = YES;
				CLANG_WARN_DIRECT_OBJC_ISA_USAGE = YES_ERROR;
				CLANG_WARN_DOCUMENTATION_COMMENTS = YES;
				CLANG_WARN_EMPTY_BODY = YES;
				CLANG_WARN_ENUM_CONVERSION = YES;
				CLANG_WARN_INFINITE_RECURSION = YES;
				CLANG_WARN_INT_CONVERSION = YES;
				CLANG_WARN_NON_LITERAL_NULL_CONVERSION = YES;
				CLANG_WARN_OBJC_IMPLICIT_RETAIN_SELF = YES;
				CLANG_WARN_OBJC_LITERAL_CONVERSION = YES;
				CLANG_WARN_OBJC_ROOT_CLASS = YES_ERROR;
				CLANG_WARN_QUOTED_INCLUDE_IN_FRAMEWORK_HEADER = YES;
				CLANG_WARN_RANGE_LOOP_ANALYSIS = YES;
				CLANG_WARN_STRICT_PROTOTYPES = YES;
				CLANG_WARN_SUSPICIOUS_MOVE = YES;
				CLANG_WARN_UNGUARDED_AVAILABILITY = YES_AGGRESSIVE;
				CLANG_WARN_UNREACHABLE_CODE = YES;
				CLANG_WARN__DUPLICATE_METHOD_MATCH = YES;
				COPY_PHASE_STRIP = NO;
				DEBUG_INFORMATION_FORMAT = dwarf;
				ENABLE_STRICT_OBJC_MSGSEND = YES;
				ENABLE_TESTABILITY = YES;
				ENABLE_USER_SCRIPT_SANDBOXING = YES;
				GCC_C_LANGUAGE_STANDARD = gnu17;
				GCC_DYNAMIC_NO_PIC = NO;
				GCC_NO_COMMON_BLOCKS = YES;
				GCC_OPTIMIZATION_LEVEL = 0;
				GCC_PREPROCESSOR_DEFINITIONS = (
					"DEBUG=1",
					"$(inherited)",
				);
				GCC_WARN_64_TO_32_BIT_CONVERSION = YES;
				GCC_WARN_ABOUT_RETURN_TYPE = YES_ERROR;
				GCC_WARN_UNDECLARED_SELECTOR = YES;
				GCC_WARN_UNINITIALIZED_AUTOS = YES_AGGRESSIVE;
				GCC_WARN_UNUSED_FUNCTION = YES;
				GCC_WARN_UNUSED_VARIABLE = YES;
				LOCALIZATION_PREFERS_STRING_CATALOGS = YES;
				MACOSX_DEPLOYMENT_TARGET = 14.2;
				MTL_ENABLE_DEBUG_INFO = INCLUDE_SOURCE;
				MTL_FAST_MATH = YES;
				ONLY_ACTIVE_ARCH = YES;
				SDKROOT = macosx;
				SWIFT_ACTIVE_COMPILATION_CONDITIONS = "DEBUG $(inherited)";
				SWIFT_OPTIMIZATION_LEVEL = "-Onone";
			};
			name = Debug;
		};
		A0A91CC72B66EEC7002CA18F /* Release */ = {
			isa = XCBuildConfiguration;
			buildSettings = {
				ALWAYS_SEARCH_USER_PATHS = NO;
				ASSETCATALOG_COMPILER_GENERATE_SWIFT_ASSET_SYMBOL_EXTENSIONS = YES;
				CLANG_ANALYZER_NONNULL = YES;
				CLANG_ANALYZER_NUMBER_OBJECT_CONVERSION = YES_AGGRESSIVE;
				CLANG_CXX_LANGUAGE_STANDARD = "gnu++20";
				CLANG_ENABLE_MODULES = YES;
				CLANG_ENABLE_OBJC_ARC = YES;
				CLANG_ENABLE_OBJC_WEAK = YES;
				CLANG_WARN_BLOCK_CAPTURE_AUTORELEASING = YES;
				CLANG_WARN_BOOL_CONVERSION = YES;
				CLANG_WARN_COMMA = YES;
				CLANG_WARN_CONSTANT_CONVERSION = YES;
				CLANG_WARN_DEPRECATED_OBJC_IMPLEMENTATIONS = YES;
				CLANG_WARN_DIRECT_OBJC_ISA_USAGE = YES_ERROR;
				CLANG_WARN_DOCUMENTATION_COMMENTS = YES;
				CLANG_WARN_EMPTY_BODY = YES;
				CLANG_WARN_ENUM_CONVERSION = YES;
				CLANG_WARN_INFINITE_RECURSION = YES;
				CLANG_WARN_INT_CONVERSION = YES;
				CLANG_WARN_NON_LITERAL_NULL_CONVERSION = YES;
				CLANG_WARN_OBJC_IMPLICIT_RETAIN_SELF = YES;
				CLANG_WARN_OBJC_LITERAL_CONVERSION = YES;
				CLANG_WARN_OBJC_ROOT_CLASS = YES_ERROR;
				CLANG_WARN_QUOTED_INCLUDE_IN_FRAMEWORK_HEADER = YES;
				CLANG_WARN_RANGE_LOOP_ANALYSIS = YES;
				CLANG_WARN_STRICT_PROTOTYPES = YES;
				CLANG_WARN_SUSPICIOUS_MOVE = YES;
				CLANG_WARN_UNGUARDED_AVAILABILITY = YES_AGGRESSIVE;
				CLANG_WARN_UNREACHABLE_CODE = YES;
				CLANG_WARN__DUPLICATE_METHOD_MATCH = YES;
				COPY_PHASE_STRIP = NO;
				DEBUG_INFORMATION_FORMAT = "dwarf-with-dsym";
				ENABLE_NS_ASSERTIONS = NO;
				ENABLE_STRICT_OBJC_MSGSEND = YES;
				ENABLE_USER_SCRIPT_SANDBOXING = YES;
				GCC_C_LANGUAGE_STANDARD = gnu17;
				GCC_NO_COMMON_BLOCKS = YES;
				GCC_WARN_64_TO_32_BIT_CONVERSION = YES;
				GCC_WARN_ABOUT_RETURN_TYPE = YES_ERROR;
				GCC_WARN_UNDECLARED_SELECTOR = YES;
				GCC_WARN_UNINITIALIZED_AUTOS = YES_AGGRESSIVE;
				GCC_WARN_UNUSED_FUNCTION = YES;
				GCC_WARN_UNUSED_VARIABLE = YES;
				LOCALIZATION_PREFERS_STRING_CATALOGS = YES;
				MACOSX_DEPLOYMENT_TARGET = 14.2;
				MTL_ENABLE_DEBUG_INFO = NO;
				MTL_FAST_MATH = YES;
				SDKROOT = macosx;
				SWIFT_COMPILATION_MODE = wholemodule;
			};
			name = Release;
		};
		A0A91CC92B66EEC7002CA18F /* Debug */ = {
			isa = XCBuildConfiguration;
			buildSettings = {
				ASSETCATALOG_COMPILER_APPICON_NAME = AppIcon;
				ASSETCATALOG_COMPILER_GLOBAL_ACCENT_COLOR_NAME = AccentColor;
				CODE_SIGN_ENTITLEMENTS = BrainMacApp/BrainMacApp.entitlements;
				CODE_SIGN_STYLE = Automatic;
				COMBINE_HIDPI_IMAGES = YES;
				CURRENT_PROJECT_VERSION = 1;
				DEVELOPMENT_ASSET_PATHS = "";
				DEVELOPMENT_TEAM = 99P8V3CP7F;
				ENABLE_HARDENED_RUNTIME = YES;
				ENABLE_PREVIEWS = YES;
				GENERATE_INFOPLIST_FILE = YES;
				INFOPLIST_KEY_CFBundleDisplayName = Brain;
				INFOPLIST_KEY_NSHumanReadableCopyright = "";
				LD_RUNPATH_SEARCH_PATHS = (
					"$(inherited)",
					"@executable_path/../Frameworks",
				);
				MARKETING_VERSION = 1.0;
				PRODUCT_BUNDLE_IDENTIFIER = com.brain.mac;
				PRODUCT_NAME = "$(TARGET_NAME)";
				SWIFT_EMIT_LOC_STRINGS = YES;
				SWIFT_VERSION = 5.0;
			};
			name = Debug;
		};
		A0A91CCA2B66EEC7002CA18F /* Release */ = {
			isa = XCBuildConfiguration;
			buildSettings = {
				ASSETCATALOG_COMPILER_APPICON_NAME = AppIcon;
				ASSETCATALOG_COMPILER_GLOBAL_ACCENT_COLOR_NAME = AccentColor;
				CODE_SIGN_ENTITLEMENTS = BrainMacApp/BrainMacApp.entitlements;
				CODE_SIGN_STYLE = Automatic;
				COMBINE_HIDPI_IMAGES = YES;
				CURRENT_PROJECT_VERSION = 1;
				DEVELOPMENT_ASSET_PATHS = "";
				DEVELOPMENT_TEAM = 99P8V3CP7F;
				ENABLE_HARDENED_RUNTIME = YES;
				ENABLE_PREVIEWS = YES;
				GENERATE_INFOPLIST_FILE = YES;
				INFOPLIST_KEY_CFBundleDisplayName = Brain;
				INFOPLIST_KEY_NSHumanReadableCopyright = "";
				LD_RUNPATH_SEARCH_PATHS = (
					"$(inherited)",
					"@executable_path/../Frameworks",
				);
				MARKETING_VERSION = 1.0;
				PRODUCT_BUNDLE_IDENTIFIER = com.brain.mac;
				PRODUCT_NAME = "$(TARGET_NAME)";
				SWIFT_EMIT_LOC_STRINGS = YES;
				SWIFT_VERSION = 5.0;
			};
			name = Release;
		};
		A0A91CCC2B66EEC7002CA18F /* Debug */ = {
			isa = XCBuildConfiguration;
			buildSettings = {
				ALWAYS_EMBED_SWIFT_STANDARD_LIBRARIES = YES;
				BUNDLE_LOADER = "$(TEST_HOST)";
				CODE_SIGN_STYLE = Automatic;
				CURRENT_PROJECT_VERSION = 1;
				DEVELOPMENT_TEAM = 99P8V3CP7F;
				GENERATE_INFOPLIST_FILE = YES;
				MACOSX_DEPLOYMENT_TARGET = 14.2;
				MARKETING_VERSION = 1.0;
				PRODUCT_BUNDLE_IDENTIFIER = com.brain.macAppTests;
				PRODUCT_NAME = "$(TARGET_NAME)";
				SWIFT_EMIT_LOC_STRINGS = NO;
				SWIFT_VERSION = 5.0;
				TEST_HOST = "$(BUILT_PRODUCTS_DIR)/BrainMacApp.app/$(BUNDLE_EXECUTABLE_FOLDER_PATH)/BrainMacApp";
			};
			name = Debug;
		};
		A0A91CCD2B66EEC7002CA18F /* Release */ = {
			isa = XCBuildConfiguration;
			buildSettings = {
				ALWAYS_EMBED_SWIFT_STANDARD_LIBRARIES = YES;
				BUNDLE_LOADER = "$(TEST_HOST)";
				CODE_SIGN_STYLE = Automatic;
				CURRENT_PROJECT_VERSION = 1;
				DEVELOPMENT_TEAM = 99P8V3CP7F;
				GENERATE_INFOPLIST_FILE = YES;
				MACOSX_DEPLOYMENT_TARGET = 14.2;
				MARKETING_VERSION = 1.0;
				PRODUCT_BUNDLE_IDENTIFIER = com.brain.macAppTests;
				PRODUCT_NAME = "$(TARGET_NAME)";
				SWIFT_EMIT_LOC_STRINGS = NO;
				SWIFT_VERSION = 5.0;
				TEST_HOST = "$(BUILT_PRODUCTS_DIR)/BrainMacApp.app/$(BUNDLE_EXECUTABLE_FOLDER_PATH)/BrainMacApp";
			};
			name = Release;
		};
		A0A91CCF2B66EEC7002CA18F /* Debug */ = {
			isa = XCBuildConfiguration;
			buildSettings = {
				ALWAYS_EMBED_SWIFT_STANDARD_LIBRARIES = YES;
				CODE_SIGN_STYLE = Automatic;
				CURRENT_PROJECT_VERSION = 1;
				DEVELOPMENT_TEAM = 99P8V3CP7F;
				GENERATE_INFOPLIST_FILE = YES;
				MARKETING_VERSION = 1.0;
				PRODUCT_BUNDLE_IDENTIFIER = com.brain.macUITests;
				PRODUCT_NAME = "$(TARGET_NAME)";
				SWIFT_EMIT_LOC_STRINGS = NO;
				SWIFT_VERSION = 5.0;
				TEST_TARGET_NAME = BrainMacApp;
			};
			name = Debug;
		};
		A0A91CD02B66EEC7002CA18F /* Release */ = {
			isa = XCBuildConfiguration;
			buildSettings = {
				ALWAYS_EMBED_SWIFT_STANDARD_LIBRARIES = YES;
				CODE_SIGN_STYLE = Automatic;
				CURRENT_PROJECT_VERSION = 1;
				DEVELOPMENT_TEAM = 99P8V3CP7F;
				GENERATE_INFOPLIST_FILE = YES;
				MARKETING_VERSION = 1.0;
				PRODUCT_BUNDLE_IDENTIFIER = com.brain.macUITests;
				PRODUCT_NAME = "$(TARGET_NAME)";
				SWIFT_EMIT_LOC_STRINGS = NO;
				SWIFT_VERSION = 5.0;
				TEST_TARGET_NAME = BrainMacApp;
			};
			name = Release;
		};
/* End XCBuildConfiguration section */

/* Begin XCConfigurationList section */
		A0A91C9E2B66EEC3002CA18F /* Build configuration list for PBXProject "BrainMacApp" */ = {
			isa = XCConfigurationList;
			buildConfigurations = (
				A0A91CC62B66EEC7002CA18F /* Debug */,
				A0A91CC72B66EEC7002CA18F /* Release */,
			);
			defaultConfigurationIsVisible = 0;
			defaultConfigurationName = Release;
		};
		A0A91CC82B66EEC7002CA18F /* Build configuration list for PBXNativeTarget "BrainMacApp" */ = {
			isa = XCConfigurationList;
			buildConfigurations = (
				A0A91CC92B66EEC7002CA18F /* Debug */,
				A0A91CCA2B66EEC7002CA18F /* Release */,
			);
			defaultConfigurationIsVisible = 0;
			defaultConfigurationName = Release;
		};
		A0A91CCB2B66EEC7002CA18F /* Build configuration list for PBXNativeTarget "BrainMacAppTests" */ = {
			isa = XCConfigurationList;
			buildConfigurations = (
				A0A91CCC2B66EEC7002CA18F /* Debug */,
				A0A91CCD2B66EEC7002CA18F /* Release */,
			);
			defaultConfigurationIsVisible = 0;
			defaultConfigurationName = Release;
		};
		A0A91CCE2B66EEC7002CA18F /* Build configuration list for PBXNativeTarget "BrainMacAppUITests" */ = {
			isa = XCConfigurationList;
			buildConfigurations = (
				A0A91CCF2B66EEC7002CA18F /* Debug */,
				A0A91CD02B66EEC7002CA18F /* Release */,
			);
			defaultConfigurationIsVisible = 0;
			defaultConfigurationName = Release;
		};
/* End XCConfigurationList section */
	};
	rootObject = A0A91C9B2B66EEC3002CA18F /* Project object */;
}
